
Microsoft Visual Studio Solution File, Format Version 12.00
# Visual Studio Version 17
VisualStudioVersion = 17.7.34009.444
MinimumVisualStudioVersion = 10.0.40219.1
Project("{FAE04EC0-301F-11D3-BF4B-00C04F79EFBC}") = "LoginDesign2", "LoginDesign2\LoginDesign2.csproj", "{B14036B9-6A48-4E17-A137-F484B253B678}"
EndProject
Global
	GlobalSection(SolutionConfigurationPlatforms) = preSolution
		Debug|Any CPU = Debug|Any CPU
		Release|Any CPU = Release|Any CPU
	EndGlobalSection
	GlobalSection(ProjectConfigurationPlatforms) = postSolution
		{B14036B9-6A48-4E17-A137-F484B253B678}.Debug|Any CPU.ActiveCfg = Debug|Any CPU
		{B14036B9-6A48-4E17-A137-F484B253B678}.Debug|Any CPU.Build.0 = Debug|Any CPU
		{B14036B9-6A48-4E17-A137-F484B253B678}.Release|Any CPU.ActiveCfg = Release|Any CPU
		{B14036B9-6A48-4E17-A137-F484B253B678}.Release|Any CPU.Build.0 = Release|Any CPU
	EndGlobalSection
	GlobalSection(SolutionProperties) = preSolution
		HideSolutionNode = FALSE
	EndGlobalSection
	GlobalSection(ExtensibilityGlobals) = postSolution
		SolutionGuid = {F260FC27-B31F-43E4-80A8-00E7A0DFED59}
	EndGlobalSection
EndGlobal
