
Microsoft Visual Studio Solution File, Format Version 12.00
# Visual Studio Version 17
VisualStudioVersion = 17.7.34009.444
MinimumVisualStudioVersion = 10.0.40219.1
Project("{FAE04EC0-301F-11D3-BF4B-00C04F79EFBC}") = "FormDesign4", "FormDesign4\FormDesign4.csproj", "{28F85BE9-7E14-41EC-8C99-FBEAA6C4578D}"
EndProject
Global
	GlobalSection(SolutionConfigurationPlatforms) = preSolution
		Debug|Any CPU = Debug|Any CPU
		Release|Any CPU = Release|Any CPU
	EndGlobalSection
	GlobalSection(ProjectConfigurationPlatforms) = postSolution
		{28F85BE9-7E14-41EC-8C99-FBEAA6C4578D}.Debug|Any CPU.ActiveCfg = Debug|Any CPU
		{28F85BE9-7E14-41EC-8C99-FBEAA6C4578D}.Debug|Any CPU.Build.0 = Debug|Any CPU
		{28F85BE9-7E14-41EC-8C99-FBEAA6C4578D}.Release|Any CPU.ActiveCfg = Release|Any CPU
		{28F85BE9-7E14-41EC-8C99-FBEAA6C4578D}.Release|Any CPU.Build.0 = Release|Any CPU
	EndGlobalSection
	GlobalSection(SolutionProperties) = preSolution
		HideSolutionNode = FALSE
	EndGlobalSection
	GlobalSection(ExtensibilityGlobals) = postSolution
		SolutionGuid = {17437ACF-73AF-4C34-B0B2-1D7EC70F1EF2}
	EndGlobalSection
EndGlobal
