
Microsoft Visual Studio Solution File, Format Version 12.00
# Visual Studio Version 17
VisualStudioVersion = 17.6.33829.357
MinimumVisualStudioVersion = 10.0.40219.1
Project("{FAE04EC0-301F-11D3-BF4B-00C04F79EFBC}") = "LoginGradient", "LoginGradient\LoginGradient.csproj", "{956DD6D0-563F-4B98-BBF4-19E192421E6D}"
EndProject
Global
	GlobalSection(SolutionConfigurationPlatforms) = preSolution
		Debug|Any CPU = Debug|Any CPU
		Release|Any CPU = Release|Any CPU
	EndGlobalSection
	GlobalSection(ProjectConfigurationPlatforms) = postSolution
		{956DD6D0-563F-4B98-BBF4-19E192421E6D}.Debug|Any CPU.ActiveCfg = Debug|Any CPU
		{956DD6D0-563F-4B98-BBF4-19E192421E6D}.Debug|Any CPU.Build.0 = Debug|Any CPU
		{956DD6D0-563F-4B98-BBF4-19E192421E6D}.Release|Any CPU.ActiveCfg = Release|Any CPU
		{956DD6D0-563F-4B98-BBF4-19E192421E6D}.Release|Any CPU.Build.0 = Release|Any CPU
	EndGlobalSection
	GlobalSection(SolutionProperties) = preSolution
		HideSolutionNode = FALSE
	EndGlobalSection
	GlobalSection(ExtensibilityGlobals) = postSolution
		SolutionGuid = {464529D7-FC8A-465D-841E-89F6F409AA9F}
	EndGlobalSection
EndGlobal
