
Microsoft Visual Studio Solution File, Format Version 12.00
# Visual Studio Version 17
VisualStudioVersion = 17.7.34009.444
MinimumVisualStudioVersion = 10.0.40219.1
Project("{FAE04EC0-301F-11D3-BF4B-00C04F79EFBC}") = "FormDesign8", "FormDesign8\FormDesign8.csproj", "{F0A4AC1C-80FD-426F-8040-BBCA0AB7FB48}"
EndProject
Global
	GlobalSection(SolutionConfigurationPlatforms) = preSolution
		Debug|Any CPU = Debug|Any CPU
		Release|Any CPU = Release|Any CPU
	EndGlobalSection
	GlobalSection(ProjectConfigurationPlatforms) = postSolution
		{F0A4AC1C-80FD-426F-8040-BBCA0AB7FB48}.Debug|Any CPU.ActiveCfg = Debug|Any CPU
		{F0A4AC1C-80FD-426F-8040-BBCA0AB7FB48}.Debug|Any CPU.Build.0 = Debug|Any CPU
		{F0A4AC1C-80FD-426F-8040-BBCA0AB7FB48}.Release|Any CPU.ActiveCfg = Release|Any CPU
		{F0A4AC1C-80FD-426F-8040-BBCA0AB7FB48}.Release|Any CPU.Build.0 = Release|Any CPU
	EndGlobalSection
	GlobalSection(SolutionProperties) = preSolution
		HideSolutionNode = FALSE
	EndGlobalSection
	GlobalSection(ExtensibilityGlobals) = postSolution
		SolutionGuid = {F5124A7C-064E-4E36-9205-FD99EDDB0095}
	EndGlobalSection
EndGlobal
