
Microsoft Visual Studio Solution File, Format Version 12.00
# Visual Studio Version 17
VisualStudioVersion = 17.7.34009.444
MinimumVisualStudioVersion = 10.0.40219.1
Project("{FAE04EC0-301F-11D3-BF4B-00C04F79EFBC}") = "FormDesign3", "FormDesign3\FormDesign3.csproj", "{72522B33-72D5-4D99-9F9D-164755203FFC}"
EndProject
Global
	GlobalSection(SolutionConfigurationPlatforms) = preSolution
		Debug|Any CPU = Debug|Any CPU
		Release|Any CPU = Release|Any CPU
	EndGlobalSection
	GlobalSection(ProjectConfigurationPlatforms) = postSolution
		{72522B33-72D5-4D99-9F9D-164755203FFC}.Debug|Any CPU.ActiveCfg = Debug|Any CPU
		{72522B33-72D5-4D99-9F9D-164755203FFC}.Debug|Any CPU.Build.0 = Debug|Any CPU
		{72522B33-72D5-4D99-9F9D-164755203FFC}.Release|Any CPU.ActiveCfg = Release|Any CPU
		{72522B33-72D5-4D99-9F9D-164755203FFC}.Release|Any CPU.Build.0 = Release|Any CPU
	EndGlobalSection
	GlobalSection(SolutionProperties) = preSolution
		HideSolutionNode = FALSE
	EndGlobalSection
	GlobalSection(ExtensibilityGlobals) = postSolution
		SolutionGuid = {CF2644D2-57E1-434C-8F76-F193A65B7DB9}
	EndGlobalSection
EndGlobal
